
Microsoft Visual Studio Solution File, Format Version 12.00
# Visual Studio Version 16
VisualStudioVersion = 16.0.29613.14
MinimumVisualStudioVersion = 10.0.40219.1
Project("{FAE04EC0-301F-11D3-BF4B-00C04F79EFBC}") = "StayOnTop", "StayOnTop.csproj", "{E6D2417D-36E4-4D23-B667-D6BD59487C37}"
EndProject
Global
	GlobalSection(SolutionConfigurationPlatforms) = preSolution
		Debug|Any CPU = Debug|Any CPU
		Release|Any CPU = Release|Any CPU
	EndGlobalSection
	GlobalSection(ProjectConfigurationPlatforms) = postSolution
		{E6D2417D-36E4-4D23-B667-D6BD59487C37}.Debug|Any CPU.ActiveCfg = Debug|Any CPU
		{E6D2417D-36E4-4D23-B667-D6BD59487C37}.Debug|Any CPU.Build.0 = Debug|Any CPU
		{E6D2417D-36E4-4D23-B667-D6BD59487C37}.Release|Any CPU.ActiveCfg = Release|Any CPU
		{E6D2417D-36E4-4D23-B667-D6BD59487C37}.Release|Any CPU.Build.0 = Release|Any CPU
	EndGlobalSection
	GlobalSection(SolutionProperties) = preSolution
		HideSolutionNode = FALSE
	EndGlobalSection
	GlobalSection(ExtensibilityGlobals) = postSolution
		SolutionGuid = {90020717-9546-4ED7-94F8-D4D86B9C3321}
	EndGlobalSection
EndGlobal
